
Microsoft Visual Studio Solution File, Format Version 12.00
# Visual Studio Version 17
VisualStudioVersion = 17.1.32319.34
MinimumVisualStudioVersion = 10.0.40219.1
Project("{FAE04EC0-301F-11D3-BF4B-00C04F79EFBC}") = "MvcOnlineTicariOtomasyon", "MvcOnlineTicariOtomasyon\MvcOnlineTicariOtomasyon.csproj", "{F04791D8-C5E9-4766-9D1C-39B5F4294327}"
EndProject
Global
	GlobalSection(SolutionConfigurationPlatforms) = preSolution
		Debug|Any CPU = Debug|Any CPU
		Release|Any CPU = Release|Any CPU
	EndGlobalSection
	GlobalSection(ProjectConfigurationPlatforms) = postSolution
		{F04791D8-C5E9-4766-9D1C-39B5F4294327}.Debug|Any CPU.ActiveCfg = Debug|Any CPU
		{F04791D8-C5E9-4766-9D1C-39B5F4294327}.Debug|Any CPU.Build.0 = Debug|Any CPU
		{F04791D8-C5E9-4766-9D1C-39B5F4294327}.Release|Any CPU.ActiveCfg = Release|Any CPU
		{F04791D8-C5E9-4766-9D1C-39B5F4294327}.Release|Any CPU.Build.0 = Release|Any CPU
	EndGlobalSection
	GlobalSection(SolutionProperties) = preSolution
		HideSolutionNode = FALSE
	EndGlobalSection
	GlobalSection(ExtensibilityGlobals) = postSolution
		SolutionGuid = {3EFA94E4-A4F0-489D-9985-EC588760925E}
	EndGlobalSection
EndGlobal
